
Microsoft Visual Studio Solution File, Format Version 12.00
# Visual Studio Version 16
VisualStudioVersion = 16.0.30114.105
MinimumVisualStudioVersion = 10.0.40219.1
Project("{FAE04EC0-301F-11D3-BF4B-00C04F79EFBC}") = "ProEventos.Application", "ProEventos.Application\ProEventos.Application.csproj", "{1A5F4D6A-A254-4C7F-AEBE-1F3B17A07AB0}"
EndProject
Project("{FAE04EC0-301F-11D3-BF4B-00C04F79EFBC}") = "ProEventos.Domain", "ProEventos.Domain\ProEventos.Domain.csproj", "{31110A37-3B0B-4201-8483-52A1697635D2}"
EndProject
Project("{FAE04EC0-301F-11D3-BF4B-00C04F79EFBC}") = "ProEventos.Persistence", "ProEventos.Persistence\ProEventos.Persistence.csproj", "{CB82C227-D013-4633-8523-0C9033856008}"
EndProject
Project("{FAE04EC0-301F-11D3-BF4B-00C04F79EFBC}") = "ProEventos.API", "ProEventos.API\ProEventos.API.csproj", "{75D0062F-2F9F-4836-BF4D-32E77502D172}"
EndProject
Global
	GlobalSection(SolutionConfigurationPlatforms) = preSolution
		Debug|Any CPU = Debug|Any CPU
		Debug|x64 = Debug|x64
		Debug|x86 = Debug|x86
		Release|Any CPU = Release|Any CPU
		Release|x64 = Release|x64
		Release|x86 = Release|x86
	EndGlobalSection
	GlobalSection(SolutionProperties) = preSolution
		HideSolutionNode = FALSE
	EndGlobalSection
	GlobalSection(ProjectConfigurationPlatforms) = postSolution
		{1A5F4D6A-A254-4C7F-AEBE-1F3B17A07AB0}.Debug|Any CPU.ActiveCfg = Debug|Any CPU
		{1A5F4D6A-A254-4C7F-AEBE-1F3B17A07AB0}.Debug|Any CPU.Build.0 = Debug|Any CPU
		{1A5F4D6A-A254-4C7F-AEBE-1F3B17A07AB0}.Debug|x64.ActiveCfg = Debug|Any CPU
		{1A5F4D6A-A254-4C7F-AEBE-1F3B17A07AB0}.Debug|x64.Build.0 = Debug|Any CPU
		{1A5F4D6A-A254-4C7F-AEBE-1F3B17A07AB0}.Debug|x86.ActiveCfg = Debug|Any CPU
		{1A5F4D6A-A254-4C7F-AEBE-1F3B17A07AB0}.Debug|x86.Build.0 = Debug|Any CPU
		{1A5F4D6A-A254-4C7F-AEBE-1F3B17A07AB0}.Release|Any CPU.ActiveCfg = Release|Any CPU
		{1A5F4D6A-A254-4C7F-AEBE-1F3B17A07AB0}.Release|Any CPU.Build.0 = Release|Any CPU
		{1A5F4D6A-A254-4C7F-AEBE-1F3B17A07AB0}.Release|x64.ActiveCfg = Release|Any CPU
		{1A5F4D6A-A254-4C7F-AEBE-1F3B17A07AB0}.Release|x64.Build.0 = Release|Any CPU
		{1A5F4D6A-A254-4C7F-AEBE-1F3B17A07AB0}.Release|x86.ActiveCfg = Release|Any CPU
		{1A5F4D6A-A254-4C7F-AEBE-1F3B17A07AB0}.Release|x86.Build.0 = Release|Any CPU
		{31110A37-3B0B-4201-8483-52A1697635D2}.Debug|Any CPU.ActiveCfg = Debug|Any CPU
		{31110A37-3B0B-4201-8483-52A1697635D2}.Debug|Any CPU.Build.0 = Debug|Any CPU
		{31110A37-3B0B-4201-8483-52A1697635D2}.Debug|x64.ActiveCfg = Debug|Any CPU
		{31110A37-3B0B-4201-8483-52A1697635D2}.Debug|x64.Build.0 = Debug|Any CPU
		{31110A37-3B0B-4201-8483-52A1697635D2}.Debug|x86.ActiveCfg = Debug|Any CPU
		{31110A37-3B0B-4201-8483-52A1697635D2}.Debug|x86.Build.0 = Debug|Any CPU
		{31110A37-3B0B-4201-8483-52A1697635D2}.Release|Any CPU.ActiveCfg = Release|Any CPU
		{31110A37-3B0B-4201-8483-52A1697635D2}.Release|Any CPU.Build.0 = Release|Any CPU
		{31110A37-3B0B-4201-8483-52A1697635D2}.Release|x64.ActiveCfg = Release|Any CPU
		{31110A37-3B0B-4201-8483-52A1697635D2}.Release|x64.Build.0 = Release|Any CPU
		{31110A37-3B0B-4201-8483-52A1697635D2}.Release|x86.ActiveCfg = Release|Any CPU
		{31110A37-3B0B-4201-8483-52A1697635D2}.Release|x86.Build.0 = Release|Any CPU
		{CB82C227-D013-4633-8523-0C9033856008}.Debug|Any CPU.ActiveCfg = Debug|Any CPU
		{CB82C227-D013-4633-8523-0C9033856008}.Debug|Any CPU.Build.0 = Debug|Any CPU
		{CB82C227-D013-4633-8523-0C9033856008}.Debug|x64.ActiveCfg = Debug|Any CPU
		{CB82C227-D013-4633-8523-0C9033856008}.Debug|x64.Build.0 = Debug|Any CPU
		{CB82C227-D013-4633-8523-0C9033856008}.Debug|x86.ActiveCfg = Debug|Any CPU
		{CB82C227-D013-4633-8523-0C9033856008}.Debug|x86.Build.0 = Debug|Any CPU
		{CB82C227-D013-4633-8523-0C9033856008}.Release|Any CPU.ActiveCfg = Release|Any CPU
		{CB82C227-D013-4633-8523-0C9033856008}.Release|Any CPU.Build.0 = Release|Any CPU
		{CB82C227-D013-4633-8523-0C9033856008}.Release|x64.ActiveCfg = Release|Any CPU
		{CB82C227-D013-4633-8523-0C9033856008}.Release|x64.Build.0 = Release|Any CPU
		{CB82C227-D013-4633-8523-0C9033856008}.Release|x86.ActiveCfg = Release|Any CPU
		{CB82C227-D013-4633-8523-0C9033856008}.Release|x86.Build.0 = Release|Any CPU
		{75D0062F-2F9F-4836-BF4D-32E77502D172}.Debug|Any CPU.ActiveCfg = Debug|Any CPU
		{75D0062F-2F9F-4836-BF4D-32E77502D172}.Debug|Any CPU.Build.0 = Debug|Any CPU
		{75D0062F-2F9F-4836-BF4D-32E77502D172}.Debug|x64.ActiveCfg = Debug|Any CPU
		{75D0062F-2F9F-4836-BF4D-32E77502D172}.Debug|x64.Build.0 = Debug|Any CPU
		{75D0062F-2F9F-4836-BF4D-32E77502D172}.Debug|x86.ActiveCfg = Debug|Any CPU
		{75D0062F-2F9F-4836-BF4D-32E77502D172}.Debug|x86.Build.0 = Debug|Any CPU
		{75D0062F-2F9F-4836-BF4D-32E77502D172}.Release|Any CPU.ActiveCfg = Release|Any CPU
		{75D0062F-2F9F-4836-BF4D-32E77502D172}.Release|Any CPU.Build.0 = Release|Any CPU
		{75D0062F-2F9F-4836-BF4D-32E77502D172}.Release|x64.ActiveCfg = Release|Any CPU
		{75D0062F-2F9F-4836-BF4D-32E77502D172}.Release|x64.Build.0 = Release|Any CPU
		{75D0062F-2F9F-4836-BF4D-32E77502D172}.Release|x86.ActiveCfg = Release|Any CPU
		{75D0062F-2F9F-4836-BF4D-32E77502D172}.Release|x86.Build.0 = Release|Any CPU
	EndGlobalSection
EndGlobal
